
Microsoft Visual Studio Solution File, Format Version 12.00
# Visual Studio Version 17
VisualStudioVersion = 17.7.34024.191
MinimumVisualStudioVersion = 10.0.40219.1
Project("{8BC9CEB8-8B4A-11D0-8D11-00A0C91BC942}") = "Day1", "..\Day1\Day1.vcxproj", "{9C26DAE2-323A-49DD-908F-F347A3B4AE10}"
EndProject
Project("{8BC9CEB8-8B4A-11D0-8D11-00A0C91BC942}") = "commonLib", "..\commonLib\commonLib.vcxproj", "{117B71E5-897E-4818-84BD-A9F55ECFB8DB}"
EndProject
Project("{8BC9CEB8-8B4A-11D0-8D11-00A0C91BC942}") = "Day2", "..\Day2\Day2.vcxproj", "{51088137-2F63-464E-BB1F-4A157C78D73D}"
EndProject
Project("{8BC9CEB8-8B4A-11D0-8D11-00A0C91BC942}") = "Day3", "..\Day3\Day3.vcxproj", "{34545F6F-19EE-48A7-B368-8DAB4C77AF52}"
EndProject
Project("{8BC9CEB8-8B4A-11D0-8D11-00A0C91BC942}") = "Day4", "..\Day4\Day4.vcxproj", "{C46CE0F8-AB02-48CC-BCDD-BDFAF76834B6}"
EndProject
Project("{8BC9CEB8-8B4A-11D0-8D11-00A0C91BC942}") = "Day5", "..\Day5\Day5.vcxproj", "{E9E828C4-93E3-45B5-A920-03F7B54F69F6}"
EndProject
Global
	GlobalSection(SolutionConfigurationPlatforms) = preSolution
		Debug|x64 = Debug|x64
		Debug|x86 = Debug|x86
		Release|x64 = Release|x64
		Release|x86 = Release|x86
	EndGlobalSection
	GlobalSection(ProjectConfigurationPlatforms) = postSolution
		{9C26DAE2-323A-49DD-908F-F347A3B4AE10}.Debug|x64.ActiveCfg = Debug|x64
		{9C26DAE2-323A-49DD-908F-F347A3B4AE10}.Debug|x64.Build.0 = Debug|x64
		{9C26DAE2-323A-49DD-908F-F347A3B4AE10}.Debug|x86.ActiveCfg = Debug|Win32
		{9C26DAE2-323A-49DD-908F-F347A3B4AE10}.Debug|x86.Build.0 = Debug|Win32
		{9C26DAE2-323A-49DD-908F-F347A3B4AE10}.Release|x64.ActiveCfg = Release|x64
		{9C26DAE2-323A-49DD-908F-F347A3B4AE10}.Release|x64.Build.0 = Release|x64
		{9C26DAE2-323A-49DD-908F-F347A3B4AE10}.Release|x86.ActiveCfg = Release|Win32
		{9C26DAE2-323A-49DD-908F-F347A3B4AE10}.Release|x86.Build.0 = Release|Win32
		{117B71E5-897E-4818-84BD-A9F55ECFB8DB}.Debug|x64.ActiveCfg = Debug|x64
		{117B71E5-897E-4818-84BD-A9F55ECFB8DB}.Debug|x64.Build.0 = Debug|x64
		{117B71E5-897E-4818-84BD-A9F55ECFB8DB}.Debug|x86.ActiveCfg = Debug|Win32
		{117B71E5-897E-4818-84BD-A9F55ECFB8DB}.Debug|x86.Build.0 = Debug|Win32
		{117B71E5-897E-4818-84BD-A9F55ECFB8DB}.Release|x64.ActiveCfg = Release|x64
		{117B71E5-897E-4818-84BD-A9F55ECFB8DB}.Release|x64.Build.0 = Release|x64
		{117B71E5-897E-4818-84BD-A9F55ECFB8DB}.Release|x86.ActiveCfg = Release|Win32
		{117B71E5-897E-4818-84BD-A9F55ECFB8DB}.Release|x86.Build.0 = Release|Win32
		{51088137-2F63-464E-BB1F-4A157C78D73D}.Debug|x64.ActiveCfg = Debug|x64
		{51088137-2F63-464E-BB1F-4A157C78D73D}.Debug|x64.Build.0 = Debug|x64
		{51088137-2F63-464E-BB1F-4A157C78D73D}.Debug|x86.ActiveCfg = Debug|Win32
		{51088137-2F63-464E-BB1F-4A157C78D73D}.Debug|x86.Build.0 = Debug|Win32
		{51088137-2F63-464E-BB1F-4A157C78D73D}.Release|x64.ActiveCfg = Release|x64
		{51088137-2F63-464E-BB1F-4A157C78D73D}.Release|x64.Build.0 = Release|x64
		{51088137-2F63-464E-BB1F-4A157C78D73D}.Release|x86.ActiveCfg = Release|Win32
		{51088137-2F63-464E-BB1F-4A157C78D73D}.Release|x86.Build.0 = Release|Win32
		{34545F6F-19EE-48A7-B368-8DAB4C77AF52}.Debug|x64.ActiveCfg = Debug|x64
		{34545F6F-19EE-48A7-B368-8DAB4C77AF52}.Debug|x64.Build.0 = Debug|x64
		{34545F6F-19EE-48A7-B368-8DAB4C77AF52}.Debug|x86.ActiveCfg = Debug|Win32
		{34545F6F-19EE-48A7-B368-8DAB4C77AF52}.Debug|x86.Build.0 = Debug|Win32
		{34545F6F-19EE-48A7-B368-8DAB4C77AF52}.Release|x64.ActiveCfg = Release|x64
		{34545F6F-19EE-48A7-B368-8DAB4C77AF52}.Release|x64.Build.0 = Release|x64
		{34545F6F-19EE-48A7-B368-8DAB4C77AF52}.Release|x86.ActiveCfg = Release|Win32
		{34545F6F-19EE-48A7-B368-8DAB4C77AF52}.Release|x86.Build.0 = Release|Win32
		{C46CE0F8-AB02-48CC-BCDD-BDFAF76834B6}.Debug|x64.ActiveCfg = Debug|x64
		{C46CE0F8-AB02-48CC-BCDD-BDFAF76834B6}.Debug|x64.Build.0 = Debug|x64
		{C46CE0F8-AB02-48CC-BCDD-BDFAF76834B6}.Debug|x86.ActiveCfg = Debug|Win32
		{C46CE0F8-AB02-48CC-BCDD-BDFAF76834B6}.Debug|x86.Build.0 = Debug|Win32
		{C46CE0F8-AB02-48CC-BCDD-BDFAF76834B6}.Release|x64.ActiveCfg = Release|x64
		{C46CE0F8-AB02-48CC-BCDD-BDFAF76834B6}.Release|x64.Build.0 = Release|x64
		{C46CE0F8-AB02-48CC-BCDD-BDFAF76834B6}.Release|x86.ActiveCfg = Release|Win32
		{C46CE0F8-AB02-48CC-BCDD-BDFAF76834B6}.Release|x86.Build.0 = Release|Win32
		{E9E828C4-93E3-45B5-A920-03F7B54F69F6}.Debug|x64.ActiveCfg = Debug|x64
		{E9E828C4-93E3-45B5-A920-03F7B54F69F6}.Debug|x64.Build.0 = Debug|x64
		{E9E828C4-93E3-45B5-A920-03F7B54F69F6}.Debug|x86.ActiveCfg = Debug|Win32
		{E9E828C4-93E3-45B5-A920-03F7B54F69F6}.Debug|x86.Build.0 = Debug|Win32
		{E9E828C4-93E3-45B5-A920-03F7B54F69F6}.Release|x64.ActiveCfg = Release|x64
		{E9E828C4-93E3-45B5-A920-03F7B54F69F6}.Release|x64.Build.0 = Release|x64
		{E9E828C4-93E3-45B5-A920-03F7B54F69F6}.Release|x86.ActiveCfg = Release|Win32
		{E9E828C4-93E3-45B5-A920-03F7B54F69F6}.Release|x86.Build.0 = Release|Win32
	EndGlobalSection
	GlobalSection(SolutionProperties) = preSolution
		HideSolutionNode = FALSE
	EndGlobalSection
	GlobalSection(ExtensibilityGlobals) = postSolution
		SolutionGuid = {0A750A41-CDA6-4209-88DA-D4E40EEABD90}
	EndGlobalSection
EndGlobal
